
Microsoft Visual Studio Solution File, Format Version 12.00
# Visual Studio 2013
VisualStudioVersion = 12.0.40629.0
MinimumVisualStudioVersion = 10.0.40219.1
Project("{FAE04EC0-301F-11D3-BF4B-00C04F79EFBC}") = "StrategyPattern", "StrategyPattern\StrategyPattern.csproj", "{042415AA-DA49-49C0-ABD9-78671B759C20}"
EndProject
Project("{FAE04EC0-301F-11D3-BF4B-00C04F79EFBC}") = "DecoratorPattern", "DecoratorPattern\DecoratorPattern.csproj", "{2A1A4721-280E-4E47-9290-446F3520C072}"
EndProject
Project("{FAE04EC0-301F-11D3-BF4B-00C04F79EFBC}") = "FactoryPattern", "FactoryPattern\FactoryPattern.csproj", "{346F7F92-16F1-488A-875F-F740B7684E52}"
EndProject
Global
	GlobalSection(SolutionConfigurationPlatforms) = preSolution
		Debug|Any CPU = Debug|Any CPU
		Release|Any CPU = Release|Any CPU
	EndGlobalSection
	GlobalSection(ProjectConfigurationPlatforms) = postSolution
		{042415AA-DA49-49C0-ABD9-78671B759C20}.Debug|Any CPU.ActiveCfg = Debug|Any CPU
		{042415AA-DA49-49C0-ABD9-78671B759C20}.Debug|Any CPU.Build.0 = Debug|Any CPU
		{042415AA-DA49-49C0-ABD9-78671B759C20}.Release|Any CPU.ActiveCfg = Release|Any CPU
		{042415AA-DA49-49C0-ABD9-78671B759C20}.Release|Any CPU.Build.0 = Release|Any CPU
		{2A1A4721-280E-4E47-9290-446F3520C072}.Debug|Any CPU.ActiveCfg = Debug|Any CPU
		{2A1A4721-280E-4E47-9290-446F3520C072}.Debug|Any CPU.Build.0 = Debug|Any CPU
		{2A1A4721-280E-4E47-9290-446F3520C072}.Release|Any CPU.ActiveCfg = Release|Any CPU
		{2A1A4721-280E-4E47-9290-446F3520C072}.Release|Any CPU.Build.0 = Release|Any CPU
		{346F7F92-16F1-488A-875F-F740B7684E52}.Debug|Any CPU.ActiveCfg = Debug|Any CPU
		{346F7F92-16F1-488A-875F-F740B7684E52}.Debug|Any CPU.Build.0 = Debug|Any CPU
		{346F7F92-16F1-488A-875F-F740B7684E52}.Release|Any CPU.ActiveCfg = Release|Any CPU
		{346F7F92-16F1-488A-875F-F740B7684E52}.Release|Any CPU.Build.0 = Release|Any CPU
	EndGlobalSection
	GlobalSection(SolutionProperties) = preSolution
		HideSolutionNode = FALSE
	EndGlobalSection
EndGlobal
